# THIS IS AN AUTOGENERATED FILE. DO NOT EDIT THIS FILE DIRECTLY.
# yarn lockfile v1


"@babel/helper-validator-identifier@^7.16.7":
  version "7.16.7"
  resolved "https://repo.huaweicloud.com/repository/npm/@babel/helper-validator-identifier/-/helper-validator-identifier-7.16.7.tgz#e8c602438c4a8195751243da9031d1607d247cad"

"@babel/parser@^7.16.4", "@babel/parser@^7.6.0", "@babel/parser@^7.9.6":
  version "7.16.8"
  resolved "https://repo.huaweicloud.com/repository/npm/@babel/parser/-/parser-7.16.8.tgz#61c243a3875f7d0b0962b0543a33ece6ff2f1f17"

"@babel/types@^7.6.1", "@babel/types@^7.9.6":
  version "7.16.8"
  resolved "https://repo.huaweicloud.com/repository/npm/@babel/types/-/types-7.16.8.tgz#0ba5da91dd71e0a4e7781a30f22770831062e3c1"
  dependencies:
    "@babel/helper-validator-identifier" "^7.16.7"
    to-fast-properties "^2.0.0"

"@emmetio/abbreviation@^2.2.2":
  version "2.2.2"
  resolved "https://repo.huaweicloud.com/repository/npm/@emmetio/abbreviation/-/abbreviation-2.2.2.tgz#746762fd9e7a8c2ea604f580c62e3cfe250e6989"
  dependencies:
    "@emmetio/scanner" "^1.0.0"

"@emmetio/css-abbreviation@^2.1.4":
  version "2.1.4"
  resolved "https://repo.huaweicloud.com/repository/npm/@emmetio/css-abbreviation/-/css-abbreviation-2.1.4.tgz#90362e8a1122ce3b76f6c3157907d30182f53f54"
  dependencies:
    "@emmetio/scanner" "^1.0.0"

"@emmetio/scanner@^1.0.0":
  version "1.0.0"
  resolved "https://repo.huaweicloud.com/repository/npm/@emmetio/scanner/-/scanner-1.0.0.tgz#065b2af6233fe7474d44823e3deb89724af42b5f"

"@types/mockjs@^1.0.4":
  version "1.0.6"
  resolved "https://repo.huaweicloud.com/repository/npm/@types/mockjs/-/mockjs-1.0.6.tgz#dafdd5de65156f7aa63eab4e29fa3d532cd95609"

"@types/node@^16.11.2":
  version "16.11.19"
  resolved "https://repo.huaweicloud.com/repository/npm/@types/node/-/node-16.11.19.tgz#1afa165146997b8286b6eabcb1c2d50729055169"

"@vitejs/plugin-vue@^1.9.3":
  version "1.10.2"
  resolved "https://repo.huaweicloud.com/repository/npm/@vitejs/plugin-vue/-/plugin-vue-1.10.2.tgz#d718479e2789d8a94b63e00f23f1898ba239253a"

"@volar/code-gen@^0.27.24":
  version "0.27.24"
  resolved "https://repo.huaweicloud.com/repository/npm/@volar/code-gen/-/code-gen-0.27.24.tgz#ccdbe858951c1ee4e0c3979232d52412dc46756a"
  dependencies:
    "@volar/shared" "^0.27.24"
    "@volar/source-map" "^0.27.24"

"@volar/html2pug@^0.27.13":
  version "0.27.13"
  resolved "https://repo.huaweicloud.com/repository/npm/@volar/html2pug/-/html2pug-0.27.13.tgz#48dfa73ecf1ef1955a02a046d0c88845950fac85"
  dependencies:
    domelementtype "^2.2.0"
    domhandler "^4.2.0"
    htmlparser2 "^6.1.0"
    pug "^3.0.2"

"@volar/shared@^0.27.24":
  version "0.27.24"
  resolved "https://repo.huaweicloud.com/repository/npm/@volar/shared/-/shared-0.27.24.tgz#a33457ec8ac0b0d367ed54c9e21913a5f8c2d6c2"
  dependencies:
    upath "^2.0.1"
    vscode-jsonrpc "^8.0.0-next.2"
    vscode-uri "^3.0.2"

"@volar/source-map@^0.27.24":
  version "0.27.24"
  resolved "https://repo.huaweicloud.com/repository/npm/@volar/source-map/-/source-map-0.27.24.tgz#60f2e070c169be82cbf7ffa296a30c2823c5205f"
  dependencies:
    "@volar/shared" "^0.27.24"

"@volar/transforms@^0.27.24":
  version "0.27.24"
  resolved "https://repo.huaweicloud.com/repository/npm/@volar/transforms/-/transforms-0.27.24.tgz#68ebc53dca2e36884e247c0866ec3d24ed815784"
  dependencies:
    "@volar/shared" "^0.27.24"
    vscode-languageserver "^8.0.0-next.2"

"@vscode/emmet-helper@^2.7.0":
  version "2.8.3"
  resolved "https://repo.huaweicloud.com/repository/npm/@vscode/emmet-helper/-/emmet-helper-2.8.3.tgz#f7c2b4a4751d03bcf2b421f0fce5b521a0f64a18"
  dependencies:
    emmet "^2.3.0"
    jsonc-parser "^2.3.0"
    vscode-languageserver-textdocument "^1.0.1"
    vscode-languageserver-types "^3.15.1"
    vscode-nls "^5.0.0"
    vscode-uri "^2.1.2"

"@vue/compiler-core@3.2.26":
  version "3.2.26"
  resolved "https://repo.huaweicloud.com/repository/npm/@vue/compiler-core/-/compiler-core-3.2.26.tgz#9ab92ae624da51f7b6064f4679c2d4564f437cc8"
  dependencies:
    "@babel/parser" "^7.16.4"
    "@vue/shared" "3.2.26"
    estree-walker "^2.0.2"
    source-map "^0.6.1"

"@vue/compiler-dom@3.2.26", "@vue/compiler-dom@^3.2.19":
  version "3.2.26"
  resolved "https://repo.huaweicloud.com/repository/npm/@vue/compiler-dom/-/compiler-dom-3.2.26.tgz#c7a7b55d50a7b7981dd44fc28211df1450482667"
  dependencies:
    "@vue/compiler-core" "3.2.26"
    "@vue/shared" "3.2.26"

"@vue/compiler-sfc@3.2.26":
  version "3.2.26"
  resolved "https://repo.huaweicloud.com/repository/npm/@vue/compiler-sfc/-/compiler-sfc-3.2.26.tgz#3ce76677e4aa58311655a3bea9eb1cb804d2273f"
  dependencies:
    "@babel/parser" "^7.16.4"
    "@vue/compiler-core" "3.2.26"
    "@vue/compiler-dom" "3.2.26"
    "@vue/compiler-ssr" "3.2.26"
    "@vue/reactivity-transform" "3.2.26"
    "@vue/shared" "3.2.26"
    estree-walker "^2.0.2"
    magic-string "^0.25.7"
    postcss "^8.1.10"
    source-map "^0.6.1"

"@vue/compiler-ssr@3.2.26":
  version "3.2.26"
  resolved "https://repo.huaweicloud.com/repository/npm/@vue/compiler-ssr/-/compiler-ssr-3.2.26.tgz#fd049523341fbf4ab5e88e25eef566d862894ba7"
  dependencies:
    "@vue/compiler-dom" "3.2.26"
    "@vue/shared" "3.2.26"

"@vue/devtools-api@^6.0.0-beta.18":
  version "6.0.0-beta.21.1"
  resolved "https://repo.huaweicloud.com/repository/npm/@vue/devtools-api/-/devtools-api-6.0.0-beta.21.1.tgz#f1410f53c42aa67fa3b01ca7bdba891f69d7bc97"

"@vue/reactivity-transform@3.2.26":
  version "3.2.26"
  resolved "https://repo.huaweicloud.com/repository/npm/@vue/reactivity-transform/-/reactivity-transform-3.2.26.tgz#6d8f20a4aa2d19728f25de99962addbe7c4d03e9"
  dependencies:
    "@babel/parser" "^7.16.4"
    "@vue/compiler-core" "3.2.26"
    "@vue/shared" "3.2.26"
    estree-walker "^2.0.2"
    magic-string "^0.25.7"

"@vue/reactivity@3.2.26", "@vue/reactivity@^3.2.19":
  version "3.2.26"
  resolved "https://repo.huaweicloud.com/repository/npm/@vue/reactivity/-/reactivity-3.2.26.tgz#d529191e581521c3c12e29ef986d4c8a933a0f83"
  dependencies:
    "@vue/shared" "3.2.26"

"@vue/runtime-core@3.2.26":
  version "3.2.26"
  resolved "https://repo.huaweicloud.com/repository/npm/@vue/runtime-core/-/runtime-core-3.2.26.tgz#5c59cc440ed7a39b6dbd4c02e2d21c8d1988f0de"
  dependencies:
    "@vue/reactivity" "3.2.26"
    "@vue/shared" "3.2.26"

"@vue/runtime-dom@3.2.26":
  version "3.2.26"
  resolved "https://repo.huaweicloud.com/repository/npm/@vue/runtime-dom/-/runtime-dom-3.2.26.tgz#84d3ae2584488747717c2e072d5d9112c0d2e6c2"
  dependencies:
    "@vue/runtime-core" "3.2.26"
    "@vue/shared" "3.2.26"
    csstype "^2.6.8"

"@vue/server-renderer@3.2.26":
  version "3.2.26"
  resolved "https://repo.huaweicloud.com/repository/npm/@vue/server-renderer/-/server-renderer-3.2.26.tgz#f16a4b9fbcc917417b4cea70c99afce2701341cf"
  dependencies:
    "@vue/compiler-ssr" "3.2.26"
    "@vue/shared" "3.2.26"

"@vue/shared@3.2.26", "@vue/shared@^3.2.19":
  version "3.2.26"
  resolved "https://repo.huaweicloud.com/repository/npm/@vue/shared/-/shared-3.2.26.tgz#7acd1621783571b9a82eca1f041b4a0a983481d9"

acorn@^7.1.1:
  version "7.4.1"
  resolved "https://repo.huaweicloud.com/repository/npm/acorn/-/acorn-7.4.1.tgz#feaed255973d2e77555b83dbc08851a6c63520fa"

anymatch@~3.1.2:
  version "3.1.2"
  resolved "https://repo.huaweicloud.com/repository/npm/anymatch/-/anymatch-3.1.2.tgz#c0557c096af32f106198f4f4e2a383537e378716"
  dependencies:
    normalize-path "^3.0.0"
    picomatch "^2.0.4"

asap@~2.0.3:
  version "2.0.6"
  resolved "https://repo.huaweicloud.com/repository/npm/asap/-/asap-2.0.6.tgz#e50347611d7e690943208bbdafebcbc2fb866d46"

assert-never@^1.2.1:
  version "1.2.1"
  resolved "https://repo.huaweicloud.com/repository/npm/assert-never/-/assert-never-1.2.1.tgz#11f0e363bf146205fb08193b5c7b90f4d1cf44fe"

autoprefixer@^10.4.2:
  version "10.4.2"
  resolved "https://repo.huaweicloud.com/repository/npm/autoprefixer/-/autoprefixer-10.4.2.tgz#25e1df09a31a9fba5c40b578936b90d35c9d4d3b"
  dependencies:
    browserslist "^4.19.1"
    caniuse-lite "^1.0.30001297"
    fraction.js "^4.1.2"
    normalize-range "^0.1.2"
    picocolors "^1.0.0"
    postcss-value-parser "^4.2.0"

axios@^0.23.0:
  version "0.23.0"
  resolved "https://repo.huaweicloud.com/repository/npm/axios/-/axios-0.23.0.tgz#b0fa5d0948a8d1d75e3d5635238b6c4625b05149"
  dependencies:
    follow-redirects "^1.14.4"

babel-walk@3.0.0-canary-5:
  version "3.0.0-canary-5"
  resolved "https://repo.huaweicloud.com/repository/npm/babel-walk/-/babel-walk-3.0.0-canary-5.tgz#f66ecd7298357aee44955f235a6ef54219104b11"
  dependencies:
    "@babel/types" "^7.9.6"

binary-extensions@^2.0.0:
  version "2.2.0"
  resolved "https://repo.huaweicloud.com/repository/npm/binary-extensions/-/binary-extensions-2.2.0.tgz#75f502eeaf9ffde42fc98829645be4ea76bd9e2d"

braces@~3.0.2:
  version "3.0.2"
  resolved "https://repo.huaweicloud.com/repository/npm/braces/-/braces-3.0.2.tgz#3454e1a462ee8d599e236df336cd9ea4f8afe107"
  dependencies:
    fill-range "^7.0.1"

browserslist@^4.19.1:
  version "4.19.1"
  resolved "https://repo.huaweicloud.com/repository/npm/browserslist/-/browserslist-4.19.1.tgz#4ac0435b35ab655896c31d53018b6dd5e9e4c9a3"
  dependencies:
    caniuse-lite "^1.0.30001286"
    electron-to-chromium "^1.4.17"
    escalade "^3.1.1"
    node-releases "^2.0.1"
    picocolors "^1.0.0"

call-bind@^1.0.2:
  version "1.0.2"
  resolved "https://repo.huaweicloud.com/repository/npm/call-bind/-/call-bind-1.0.2.tgz#b1d4e89e688119c3c9a903ad30abb2f6a919be3c"
  dependencies:
    function-bind "^1.1.1"
    get-intrinsic "^1.0.2"

caniuse-lite@^1.0.30001286, caniuse-lite@^1.0.30001297:
  version "1.0.30001300"
  resolved "https://repo.huaweicloud.com/repository/npm/caniuse-lite/-/caniuse-lite-1.0.30001300.tgz#11ab6c57d3eb6f964cba950401fd00a146786468"

character-parser@^2.2.0:
  version "2.2.0"
  resolved "https://repo.huaweicloud.com/repository/npm/character-parser/-/character-parser-2.2.0.tgz#c7ce28f36d4bcd9744e5ffc2c5fcde1c73261fc0"
  dependencies:
    is-regex "^1.0.3"

"chokidar@>=3.0.0 <4.0.0":
  version "3.5.2"
  resolved "https://repo.huaweicloud.com/repository/npm/chokidar/-/chokidar-3.5.2.tgz#dba3976fcadb016f66fd365021d91600d01c1e75"
  dependencies:
    anymatch "~3.1.2"
    braces "~3.0.2"
    glob-parent "~5.1.2"
    is-binary-path "~2.1.0"
    is-glob "~4.0.1"
    normalize-path "~3.0.0"
    readdirp "~3.6.0"
  optionalDependencies:
    fsevents "~2.3.2"

clipboard@^2.0.8:
  version "2.0.8"
  resolved "https://mirrors.huaweicloud.com/repository/npm/clipboard/-/clipboard-2.0.8.tgz#ffc6c103dd2967a83005f3f61976aa4655a4cdba"
  dependencies:
    good-listener "^1.2.2"
    select "^1.1.2"
    tiny-emitter "^2.0.0"

constantinople@^4.0.1:
  version "4.0.1"
  resolved "https://repo.huaweicloud.com/repository/npm/constantinople/-/constantinople-4.0.1.tgz#0def113fa0e4dc8de83331a5cf79c8b325213151"
  dependencies:
    "@babel/parser" "^7.6.0"
    "@babel/types" "^7.6.1"

cookie-storage@^6.1.0:
  version "6.1.0"
  resolved "https://mirrors.huaweicloud.com/repository/npm/cookie-storage/-/cookie-storage-6.1.0.tgz#291b2f662d961be44f999626593421cbfcf23790"

copy-text-to-clipboard@^3.0.1:
  version "3.0.1"
  resolved "https://mirrors.huaweicloud.com/repository/npm/copy-text-to-clipboard/-/copy-text-to-clipboard-3.0.1.tgz#8cbf8f90e0a47f12e4a24743736265d157bce69c"

core-js@^3.11.0:
  version "3.20.3"
  resolved "https://mirrors.huaweicloud.com/repository/npm/core-js/-/core-js-3.20.3.tgz#c710d0a676e684522f3db4ee84e5e18a9d11d69a"

csstype@^2.6.8:
  version "2.6.19"
  resolved "https://repo.huaweicloud.com/repository/npm/csstype/-/csstype-2.6.19.tgz#feeb5aae89020bb389e1f63669a5ed490e391caa"

delegate@^3.1.2:
  version "3.2.0"
  resolved "https://mirrors.huaweicloud.com/repository/npm/delegate/-/delegate-3.2.0.tgz#b66b71c3158522e8ab5744f720d8ca0c2af59166"

doctypes@^1.1.0:
  version "1.1.0"
  resolved "https://repo.huaweicloud.com/repository/npm/doctypes/-/doctypes-1.1.0.tgz#ea80b106a87538774e8a3a4a5afe293de489e0a9"

dom-serializer@^1.0.1:
  version "1.3.2"
  resolved "https://repo.huaweicloud.com/repository/npm/dom-serializer/-/dom-serializer-1.3.2.tgz#6206437d32ceefaec7161803230c7a20bc1b4d91"
  dependencies:
    domelementtype "^2.0.1"
    domhandler "^4.2.0"
    entities "^2.0.0"

domelementtype@^2.0.1, domelementtype@^2.2.0:
  version "2.2.0"
  resolved "https://repo.huaweicloud.com/repository/npm/domelementtype/-/domelementtype-2.2.0.tgz#9a0b6c2782ed6a1c7323d42267183df9bd8b1d57"

domhandler@^4.0.0, domhandler@^4.2.0:
  version "4.3.0"
  resolved "https://repo.huaweicloud.com/repository/npm/domhandler/-/domhandler-4.3.0.tgz#16c658c626cf966967e306f966b431f77d4a5626"
  dependencies:
    domelementtype "^2.2.0"

domutils@^2.5.2:
  version "2.8.0"
  resolved "https://repo.huaweicloud.com/repository/npm/domutils/-/domutils-2.8.0.tgz#4437def5db6e2d1f5d6ee859bd95ca7d02048135"
  dependencies:
    dom-serializer "^1.0.1"
    domelementtype "^2.2.0"
    domhandler "^4.2.0"

electron-to-chromium@^1.4.17:
  version "1.4.48"
  resolved "https://repo.huaweicloud.com/repository/npm/electron-to-chromium/-/electron-to-chromium-1.4.48.tgz#1948b5227aa0ca1ed690945eae1adbe9e7904575"

emmet@^2.3.0:
  version "2.3.5"
  resolved "https://repo.huaweicloud.com/repository/npm/emmet/-/emmet-2.3.5.tgz#7f80f9c3db6831d1ee2b458717b9c36a074b1a47"
  dependencies:
    "@emmetio/abbreviation" "^2.2.2"
    "@emmetio/css-abbreviation" "^2.1.4"

entities@^2.0.0:
  version "2.2.0"
  resolved "https://repo.huaweicloud.com/repository/npm/entities/-/entities-2.2.0.tgz#098dc90ebb83d8dffa089d55256b351d34c4da55"

esbuild-android-arm64@0.13.15:
  version "0.13.15"
  resolved "https://repo.huaweicloud.com/repository/npm/esbuild-android-arm64/-/esbuild-android-arm64-0.13.15.tgz#3fc3ff0bab76fe35dd237476b5d2b32bb20a3d44"

esbuild-darwin-64@0.13.15:
  version "0.13.15"
  resolved "https://repo.huaweicloud.com/repository/npm/esbuild-darwin-64/-/esbuild-darwin-64-0.13.15.tgz#8e9169c16baf444eacec60d09b24d11b255a8e72"

esbuild-darwin-arm64@0.13.15:
  version "0.13.15"
  resolved "https://repo.huaweicloud.com/repository/npm/esbuild-darwin-arm64/-/esbuild-darwin-arm64-0.13.15.tgz#1b07f893b632114f805e188ddfca41b2b778229a"

esbuild-freebsd-64@0.13.15:
  version "0.13.15"
  resolved "https://repo.huaweicloud.com/repository/npm/esbuild-freebsd-64/-/esbuild-freebsd-64-0.13.15.tgz#0b8b7eca1690c8ec94c75680c38c07269c1f4a85"

esbuild-freebsd-arm64@0.13.15:
  version "0.13.15"
  resolved "https://repo.huaweicloud.com/repository/npm/esbuild-freebsd-arm64/-/esbuild-freebsd-arm64-0.13.15.tgz#2e1a6c696bfdcd20a99578b76350b41db1934e52"

esbuild-linux-32@0.13.15:
  version "0.13.15"
  resolved "https://repo.huaweicloud.com/repository/npm/esbuild-linux-32/-/esbuild-linux-32-0.13.15.tgz#6fd39f36fc66dd45b6b5f515728c7bbebc342a69"

esbuild-linux-64@0.13.15:
  version "0.13.15"
  resolved "https://repo.huaweicloud.com/repository/npm/esbuild-linux-64/-/esbuild-linux-64-0.13.15.tgz#9cb8e4bcd7574e67946e4ee5f1f1e12386bb6dd3"

esbuild-linux-arm64@0.13.15:
  version "0.13.15"
  resolved "https://repo.huaweicloud.com/repository/npm/esbuild-linux-arm64/-/esbuild-linux-arm64-0.13.15.tgz#3891aa3704ec579a1b92d2a586122e5b6a2bfba1"

esbuild-linux-arm@0.13.15:
  version "0.13.15"
  resolved "https://repo.huaweicloud.com/repository/npm/esbuild-linux-arm/-/esbuild-linux-arm-0.13.15.tgz#8a00e99e6a0c6c9a6b7f334841364d8a2b4aecfe"

esbuild-linux-mips64le@0.13.15:
  version "0.13.15"
  resolved "https://repo.huaweicloud.com/repository/npm/esbuild-linux-mips64le/-/esbuild-linux-mips64le-0.13.15.tgz#36b07cc47c3d21e48db3bb1f4d9ef8f46aead4f7"

esbuild-linux-ppc64le@0.13.15:
  version "0.13.15"
  resolved "https://repo.huaweicloud.com/repository/npm/esbuild-linux-ppc64le/-/esbuild-linux-ppc64le-0.13.15.tgz#f7e6bba40b9a11eb9dcae5b01550ea04670edad2"

esbuild-netbsd-64@0.13.15:
  version "0.13.15"
  resolved "https://repo.huaweicloud.com/repository/npm/esbuild-netbsd-64/-/esbuild-netbsd-64-0.13.15.tgz#a2fedc549c2b629d580a732d840712b08d440038"

esbuild-openbsd-64@0.13.15:
  version "0.13.15"
  resolved "https://repo.huaweicloud.com/repository/npm/esbuild-openbsd-64/-/esbuild-openbsd-64-0.13.15.tgz#b22c0e5806d3a1fbf0325872037f885306b05cd7"

esbuild-sunos-64@0.13.15:
  version "0.13.15"
  resolved "https://repo.huaweicloud.com/repository/npm/esbuild-sunos-64/-/esbuild-sunos-64-0.13.15.tgz#d0b6454a88375ee8d3964daeff55c85c91c7cef4"

esbuild-windows-32@0.13.15:
  version "0.13.15"
  resolved "https://repo.huaweicloud.com/repository/npm/esbuild-windows-32/-/esbuild-windows-32-0.13.15.tgz#c96d0b9bbb52f3303322582ef8e4847c5ad375a7"

esbuild-windows-64@0.13.15:
  version "0.13.15"
  resolved "https://repo.huaweicloud.com/repository/npm/esbuild-windows-64/-/esbuild-windows-64-0.13.15.tgz#1f79cb9b1e1bb02fb25cd414cb90d4ea2892c294"

esbuild-windows-arm64@0.13.15:
  version "0.13.15"
  resolved "https://repo.huaweicloud.com/repository/npm/esbuild-windows-arm64/-/esbuild-windows-arm64-0.13.15.tgz#482173070810df22a752c686509c370c3be3b3c3"

esbuild@^0.13.12:
  version "0.13.15"
  resolved "https://repo.huaweicloud.com/repository/npm/esbuild/-/esbuild-0.13.15.tgz#db56a88166ee373f87dbb2d8798ff449e0450cdf"
  optionalDependencies:
    esbuild-android-arm64 "0.13.15"
    esbuild-darwin-64 "0.13.15"
    esbuild-darwin-arm64 "0.13.15"
    esbuild-freebsd-64 "0.13.15"
    esbuild-freebsd-arm64 "0.13.15"
    esbuild-linux-32 "0.13.15"
    esbuild-linux-64 "0.13.15"
    esbuild-linux-arm "0.13.15"
    esbuild-linux-arm64 "0.13.15"
    esbuild-linux-mips64le "0.13.15"
    esbuild-linux-ppc64le "0.13.15"
    esbuild-netbsd-64 "0.13.15"
    esbuild-openbsd-64 "0.13.15"
    esbuild-sunos-64 "0.13.15"
    esbuild-windows-32 "0.13.15"
    esbuild-windows-64 "0.13.15"
    esbuild-windows-arm64 "0.13.15"

escalade@^3.1.1:
  version "3.1.1"
  resolved "https://repo.huaweicloud.com/repository/npm/escalade/-/escalade-3.1.1.tgz#d8cfdc7000965c5a0174b4a82eaa5c0552742e40"

estree-walker@^2.0.2:
  version "2.0.2"
  resolved "https://repo.huaweicloud.com/repository/npm/estree-walker/-/estree-walker-2.0.2.tgz#52f010178c2a4c117a7757cfe942adb7d2da4cac"

fill-range@^7.0.1:
  version "7.0.1"
  resolved "https://repo.huaweicloud.com/repository/npm/fill-range/-/fill-range-7.0.1.tgz#1919a6a7c75fe38b2c7c77e5198535da9acdda40"
  dependencies:
    to-regex-range "^5.0.1"

follow-redirects@^1.14.4:
  version "1.14.7"
  resolved "https://repo.huaweicloud.com/repository/npm/follow-redirects/-/follow-redirects-1.14.7.tgz#2004c02eb9436eee9a21446a6477debf17e81685"

fraction.js@^4.1.2:
  version "4.1.2"
  resolved "https://repo.huaweicloud.com/repository/npm/fraction.js/-/fraction.js-4.1.2.tgz#13e420a92422b6cf244dff8690ed89401029fbe8"

fsevents@~2.3.2:
  version "2.3.2"
  resolved "https://repo.huaweicloud.com/repository/npm/fsevents/-/fsevents-2.3.2.tgz#8a526f78b8fdf4623b709e0b975c52c24c02fd1a"

function-bind@^1.1.1:
  version "1.1.1"
  resolved "https://repo.huaweicloud.com/repository/npm/function-bind/-/function-bind-1.1.1.tgz#a56899d3ea3c9bab874bb9773b7c5ede92f4895d"

get-intrinsic@^1.0.2:
  version "1.1.1"
  resolved "https://repo.huaweicloud.com/repository/npm/get-intrinsic/-/get-intrinsic-1.1.1.tgz#15f59f376f855c446963948f0d24cd3637b4abc6"
  dependencies:
    function-bind "^1.1.1"
    has "^1.0.3"
    has-symbols "^1.0.1"

glob-parent@~5.1.2:
  version "5.1.2"
  resolved "https://repo.huaweicloud.com/repository/npm/glob-parent/-/glob-parent-5.1.2.tgz#869832c58034fe68a4093c17dc15e8340d8401c4"
  dependencies:
    is-glob "^4.0.1"

good-listener@^1.2.2:
  version "1.2.2"
  resolved "https://mirrors.huaweicloud.com/repository/npm/good-listener/-/good-listener-1.2.2.tgz#d53b30cdf9313dffb7dc9a0d477096aa6d145c50"
  dependencies:
    delegate "^3.1.2"

has-symbols@^1.0.1, has-symbols@^1.0.2:
  version "1.0.2"
  resolved "https://repo.huaweicloud.com/repository/npm/has-symbols/-/has-symbols-1.0.2.tgz#165d3070c00309752a1236a479331e3ac56f1423"

has-tostringtag@^1.0.0:
  version "1.0.0"
  resolved "https://repo.huaweicloud.com/repository/npm/has-tostringtag/-/has-tostringtag-1.0.0.tgz#7e133818a7d394734f941e73c3d3f9291e658b25"
  dependencies:
    has-symbols "^1.0.2"

has@^1.0.3:
  version "1.0.3"
  resolved "https://repo.huaweicloud.com/repository/npm/has/-/has-1.0.3.tgz#722d7cbfc1f6aa8241f16dd814e011e1f41e8796"
  dependencies:
    function-bind "^1.1.1"

htmlparser2@^6.1.0:
  version "6.1.0"
  resolved "https://repo.huaweicloud.com/repository/npm/htmlparser2/-/htmlparser2-6.1.0.tgz#c4d762b6c3371a05dbe65e94ae43a9f845fb8fb7"
  dependencies:
    domelementtype "^2.0.1"
    domhandler "^4.0.0"
    domutils "^2.5.2"
    entities "^2.0.0"

immutable@^4.0.0:
  version "4.0.0"
  resolved "https://repo.huaweicloud.com/repository/npm/immutable/-/immutable-4.0.0.tgz#b86f78de6adef3608395efb269a91462797e2c23"

is-binary-path@~2.1.0:
  version "2.1.0"
  resolved "https://repo.huaweicloud.com/repository/npm/is-binary-path/-/is-binary-path-2.1.0.tgz#ea1f7f3b80f064236e83470f86c09c254fb45b09"
  dependencies:
    binary-extensions "^2.0.0"

is-core-module@^2.8.0:
  version "2.8.1"
  resolved "https://repo.huaweicloud.com/repository/npm/is-core-module/-/is-core-module-2.8.1.tgz#f59fdfca701d5879d0a6b100a40aa1560ce27211"
  dependencies:
    has "^1.0.3"

is-expression@^4.0.0:
  version "4.0.0"
  resolved "https://repo.huaweicloud.com/repository/npm/is-expression/-/is-expression-4.0.0.tgz#c33155962abf21d0afd2552514d67d2ec16fd2ab"
  dependencies:
    acorn "^7.1.1"
    object-assign "^4.1.1"

is-extglob@^2.1.1:
  version "2.1.1"
  resolved "https://repo.huaweicloud.com/repository/npm/is-extglob/-/is-extglob-2.1.1.tgz#a88c02535791f02ed37c76a1b9ea9773c833f8c2"

is-glob@^4.0.1, is-glob@~4.0.1:
  version "4.0.3"
  resolved "https://repo.huaweicloud.com/repository/npm/is-glob/-/is-glob-4.0.3.tgz#64f61e42cbbb2eec2071a9dac0b28ba1e65d5084"
  dependencies:
    is-extglob "^2.1.1"

is-number@^7.0.0:
  version "7.0.0"
  resolved "https://repo.huaweicloud.com/repository/npm/is-number/-/is-number-7.0.0.tgz#7535345b896734d5f80c4d06c50955527a14f12b"

is-promise@^2.0.0:
  version "2.2.2"
  resolved "https://repo.huaweicloud.com/repository/npm/is-promise/-/is-promise-2.2.2.tgz#39ab959ccbf9a774cf079f7b40c7a26f763135f1"

is-regex@^1.0.3:
  version "1.1.4"
  resolved "https://repo.huaweicloud.com/repository/npm/is-regex/-/is-regex-1.1.4.tgz#eef5663cd59fa4c0ae339505323df6854bb15958"
  dependencies:
    call-bind "^1.0.2"
    has-tostringtag "^1.0.0"

js-stringify@^1.0.2:
  version "1.0.2"
  resolved "https://repo.huaweicloud.com/repository/npm/js-stringify/-/js-stringify-1.0.2.tgz#1736fddfd9724f28a3682adc6230ae7e4e9679db"

jsonc-parser@^2.3.0:
  version "2.3.1"
  resolved "https://repo.huaweicloud.com/repository/npm/jsonc-parser/-/jsonc-parser-2.3.1.tgz#59549150b133f2efacca48fe9ce1ec0659af2342"

jsonc-parser@^3.0.0:
  version "3.0.0"
  resolved "https://repo.huaweicloud.com/repository/npm/jsonc-parser/-/jsonc-parser-3.0.0.tgz#abdd785701c7e7eaca8a9ec8cf070ca51a745a22"

jstransformer@1.0.0:
  version "1.0.0"
  resolved "https://repo.huaweicloud.com/repository/npm/jstransformer/-/jstransformer-1.0.0.tgz#ed8bf0921e2f3f1ed4d5c1a44f68709ed24722c3"
  dependencies:
    is-promise "^2.0.0"
    promise "^7.0.1"

lru-cache@^6.0.0:
  version "6.0.0"
  resolved "https://repo.huaweicloud.com/repository/npm/lru-cache/-/lru-cache-6.0.0.tgz#6d6fe6570ebd96aaf90fcad1dafa3b2566db3a94"
  dependencies:
    yallist "^4.0.0"

magic-string@^0.25.7:
  version "0.25.7"
  resolved "https://repo.huaweicloud.com/repository/npm/magic-string/-/magic-string-0.25.7.tgz#3f497d6fd34c669c6798dcb821f2ef31f5445051"
  dependencies:
    sourcemap-codec "^1.4.4"

mutation-observer@^1.0.3:
  version "1.0.3"
  resolved "https://mirrors.huaweicloud.com/repository/npm/mutation-observer/-/mutation-observer-1.0.3.tgz#42e9222b101bca82e5ba9d5a7acf4a14c0f263d0"

nanoid@^3.1.30:
  version "3.1.32"
  resolved "https://repo.huaweicloud.com/repository/npm/nanoid/-/nanoid-3.1.32.tgz#8f96069e6239cc0a9ae8c0d3b41a3b4933a88c0a"

node-releases@^2.0.1:
  version "2.0.1"
  resolved "https://repo.huaweicloud.com/repository/npm/node-releases/-/node-releases-2.0.1.tgz#3d1d395f204f1f2f29a54358b9fb678765ad2fc5"

normalize-path@^3.0.0, normalize-path@~3.0.0:
  version "3.0.0"
  resolved "https://repo.huaweicloud.com/repository/npm/normalize-path/-/normalize-path-3.0.0.tgz#0dcd69ff23a1c9b11fd0978316644a0388216a65"

normalize-range@^0.1.2:
  version "0.1.2"
  resolved "https://repo.huaweicloud.com/repository/npm/normalize-range/-/normalize-range-0.1.2.tgz#2d10c06bdfd312ea9777695a4d28439456b75942"

object-assign@^4.1.1:
  version "4.1.1"
  resolved "https://repo.huaweicloud.com/repository/npm/object-assign/-/object-assign-4.1.1.tgz#2109adc7965887cfc05cbbd442cac8bfbb360863"

path-parse@^1.0.7:
  version "1.0.7"
  resolved "https://repo.huaweicloud.com/repository/npm/path-parse/-/path-parse-1.0.7.tgz#fbc114b60ca42b30d9daf5858e4bd68bbedb6735"

picocolors@^1.0.0:
  version "1.0.0"
  resolved "https://repo.huaweicloud.com/repository/npm/picocolors/-/picocolors-1.0.0.tgz#cb5bdc74ff3f51892236eaf79d68bc44564ab81c"

picomatch@^2.0.4, picomatch@^2.2.1:
  version "2.3.1"
  resolved "https://repo.huaweicloud.com/repository/npm/picomatch/-/picomatch-2.3.1.tgz#3ba3833733646d9d3e4995946c1365a67fb07a42"

postcss-pxtorem@^6.0.0:
  version "6.0.0"
  resolved "https://repo.huaweicloud.com/repository/npm/postcss-pxtorem/-/postcss-pxtorem-6.0.0.tgz#f228a4d05d8a73f0642eabae950e2b19836366d7"

postcss-value-parser@^4.2.0:
  version "4.2.0"
  resolved "https://repo.huaweicloud.com/repository/npm/postcss-value-parser/-/postcss-value-parser-4.2.0.tgz#723c09920836ba6d3e5af019f92bc0971c02e514"

postcss@^8.1.10, postcss@^8.4.5:
  version "8.4.5"
  resolved "https://repo.huaweicloud.com/repository/npm/postcss/-/postcss-8.4.5.tgz#bae665764dfd4c6fcc24dc0fdf7e7aa00cc77f95"
  dependencies:
    nanoid "^3.1.30"
    picocolors "^1.0.0"
    source-map-js "^1.0.1"

promise@^7.0.1:
  version "7.3.1"
  resolved "https://repo.huaweicloud.com/repository/npm/promise/-/promise-7.3.1.tgz#064b72602b18f90f29192b8b1bc418ffd1ebd3bf"
  dependencies:
    asap "~2.0.3"

pug-attrs@^3.0.0:
  version "3.0.0"
  resolved "https://repo.huaweicloud.com/repository/npm/pug-attrs/-/pug-attrs-3.0.0.tgz#b10451e0348165e31fad1cc23ebddd9dc7347c41"
  dependencies:
    constantinople "^4.0.1"
    js-stringify "^1.0.2"
    pug-runtime "^3.0.0"

pug-code-gen@^3.0.2:
  version "3.0.2"
  resolved "https://repo.huaweicloud.com/repository/npm/pug-code-gen/-/pug-code-gen-3.0.2.tgz#ad190f4943133bf186b60b80de483100e132e2ce"
  dependencies:
    constantinople "^4.0.1"
    doctypes "^1.1.0"
    js-stringify "^1.0.2"
    pug-attrs "^3.0.0"
    pug-error "^2.0.0"
    pug-runtime "^3.0.0"
    void-elements "^3.1.0"
    with "^7.0.0"

pug-error@^2.0.0:
  version "2.0.0"
  resolved "https://repo.huaweicloud.com/repository/npm/pug-error/-/pug-error-2.0.0.tgz#5c62173cb09c34de2a2ce04f17b8adfec74d8ca5"

pug-filters@^4.0.0:
  version "4.0.0"
  resolved "https://repo.huaweicloud.com/repository/npm/pug-filters/-/pug-filters-4.0.0.tgz#d3e49af5ba8472e9b7a66d980e707ce9d2cc9b5e"
  dependencies:
    constantinople "^4.0.1"
    jstransformer "1.0.0"
    pug-error "^2.0.0"
    pug-walk "^2.0.0"
    resolve "^1.15.1"

pug-lexer@^5.0.1:
  version "5.0.1"
  resolved "https://repo.huaweicloud.com/repository/npm/pug-lexer/-/pug-lexer-5.0.1.tgz#ae44628c5bef9b190b665683b288ca9024b8b0d5"
  dependencies:
    character-parser "^2.2.0"
    is-expression "^4.0.0"
    pug-error "^2.0.0"

pug-linker@^4.0.0:
  version "4.0.0"
  resolved "https://repo.huaweicloud.com/repository/npm/pug-linker/-/pug-linker-4.0.0.tgz#12cbc0594fc5a3e06b9fc59e6f93c146962a7708"
  dependencies:
    pug-error "^2.0.0"
    pug-walk "^2.0.0"

pug-load@^3.0.0:
  version "3.0.0"
  resolved "https://repo.huaweicloud.com/repository/npm/pug-load/-/pug-load-3.0.0.tgz#9fd9cda52202b08adb11d25681fb9f34bd41b662"
  dependencies:
    object-assign "^4.1.1"
    pug-walk "^2.0.0"

pug-parser@^6.0.0:
  version "6.0.0"
  resolved "https://repo.huaweicloud.com/repository/npm/pug-parser/-/pug-parser-6.0.0.tgz#a8fdc035863a95b2c1dc5ebf4ecf80b4e76a1260"
  dependencies:
    pug-error "^2.0.0"
    token-stream "1.0.0"

pug-runtime@^3.0.0, pug-runtime@^3.0.1:
  version "3.0.1"
  resolved "https://repo.huaweicloud.com/repository/npm/pug-runtime/-/pug-runtime-3.0.1.tgz#f636976204723f35a8c5f6fad6acda2a191b83d7"

pug-strip-comments@^2.0.0:
  version "2.0.0"
  resolved "https://repo.huaweicloud.com/repository/npm/pug-strip-comments/-/pug-strip-comments-2.0.0.tgz#f94b07fd6b495523330f490a7f554b4ff876303e"
  dependencies:
    pug-error "^2.0.0"

pug-walk@^2.0.0:
  version "2.0.0"
  resolved "https://repo.huaweicloud.com/repository/npm/pug-walk/-/pug-walk-2.0.0.tgz#417aabc29232bb4499b5b5069a2b2d2a24d5f5fe"

pug@^3.0.2:
  version "3.0.2"
  resolved "https://repo.huaweicloud.com/repository/npm/pug/-/pug-3.0.2.tgz#f35c7107343454e43bc27ae0ff76c731b78ea535"
  dependencies:
    pug-code-gen "^3.0.2"
    pug-filters "^4.0.0"
    pug-lexer "^5.0.1"
    pug-linker "^4.0.0"
    pug-load "^3.0.0"
    pug-parser "^6.0.0"
    pug-runtime "^3.0.1"
    pug-strip-comments "^2.0.0"

qrcode-terminal@^0.12.0:
  version "0.12.0"
  resolved "https://repo.huaweicloud.com/repository/npm/qrcode-terminal/-/qrcode-terminal-0.12.0.tgz#bb5b699ef7f9f0505092a3748be4464fe71b5819"

readdirp@~3.6.0:
  version "3.6.0"
  resolved "https://repo.huaweicloud.com/repository/npm/readdirp/-/readdirp-3.6.0.tgz#74a370bd857116e245b29cc97340cd431a02a6c7"
  dependencies:
    picomatch "^2.2.1"

request-light@^0.5.4:
  version "0.5.7"
  resolved "https://repo.huaweicloud.com/repository/npm/request-light/-/request-light-0.5.7.tgz#1c448c22153b55d2cd278eb414df24a5ad6e6d5e"

resolve@^1.15.1, resolve@^1.20.0:
  version "1.21.0"
  resolved "https://repo.huaweicloud.com/repository/npm/resolve/-/resolve-1.21.0.tgz#b51adc97f3472e6a5cf4444d34bc9d6b9037591f"
  dependencies:
    is-core-module "^2.8.0"
    path-parse "^1.0.7"
    supports-preserve-symlinks-flag "^1.0.0"

rollup@^2.59.0:
  version "2.64.0"
  resolved "https://repo.huaweicloud.com/repository/npm/rollup/-/rollup-2.64.0.tgz#f0f59774e21fbb56de438a37d06a2189632b207a"
  optionalDependencies:
    fsevents "~2.3.2"

sass@^1.43.4:
  version "1.48.0"
  resolved "https://repo.huaweicloud.com/repository/npm/sass/-/sass-1.48.0.tgz#b53cfccc1b8ab4be375cc54f306fda9d4711162c"
  dependencies:
    chokidar ">=3.0.0 <4.0.0"
    immutable "^4.0.0"
    source-map-js ">=0.6.2 <2.0.0"

select@^1.1.2:
  version "1.1.2"
  resolved "https://mirrors.huaweicloud.com/repository/npm/select/-/select-1.1.2.tgz#0e7350acdec80b1108528786ec1d4418d11b396d"

semver@^7.3.5:
  version "7.3.5"
  resolved "https://repo.huaweicloud.com/repository/npm/semver/-/semver-7.3.5.tgz#0b621c879348d8998e4b0e4be94b3f12e6018ef7"
  dependencies:
    lru-cache "^6.0.0"

"source-map-js@>=0.6.2 <2.0.0", source-map-js@^1.0.1:
  version "1.0.1"
  resolved "https://repo.huaweicloud.com/repository/npm/source-map-js/-/source-map-js-1.0.1.tgz#a1741c131e3c77d048252adfa24e23b908670caf"

source-map@^0.6.1:
  version "0.6.1"
  resolved "https://repo.huaweicloud.com/repository/npm/source-map/-/source-map-0.6.1.tgz#74722af32e9614e9c287a8d0bbde48b5e2f1a263"

sourcemap-codec@^1.4.4:
  version "1.4.8"
  resolved "https://repo.huaweicloud.com/repository/npm/sourcemap-codec/-/sourcemap-codec-1.4.8.tgz#ea804bd94857402e6992d05a38ef1ae35a9ab4c4"

supports-preserve-symlinks-flag@^1.0.0:
  version "1.0.0"
  resolved "https://repo.huaweicloud.com/repository/npm/supports-preserve-symlinks-flag/-/supports-preserve-symlinks-flag-1.0.0.tgz#6eda4bd344a3c94aea376d4cc31bc77311039e09"

tiny-emitter@^2.0.0:
  version "2.1.0"
  resolved "https://mirrors.huaweicloud.com/repository/npm/tiny-emitter/-/tiny-emitter-2.1.0.tgz#1d1a56edfc51c43e863cbb5382a72330e3555423"

to-fast-properties@^2.0.0:
  version "2.0.0"
  resolved "https://repo.huaweicloud.com/repository/npm/to-fast-properties/-/to-fast-properties-2.0.0.tgz#dc5e698cbd079265bc73e0377681a4e4e83f616e"

to-regex-range@^5.0.1:
  version "5.0.1"
  resolved "https://repo.huaweicloud.com/repository/npm/to-regex-range/-/to-regex-range-5.0.1.tgz#1648c44aae7c8d988a326018ed72f5b4dd0392e4"
  dependencies:
    is-number "^7.0.0"

token-stream@1.0.0:
  version "1.0.0"
  resolved "https://repo.huaweicloud.com/repository/npm/token-stream/-/token-stream-1.0.0.tgz#cc200eab2613f4166d27ff9afc7ca56d49df6eb4"

typescript@^4.4.3:
  version "4.5.4"
  resolved "https://repo.huaweicloud.com/repository/npm/typescript/-/typescript-4.5.4.tgz#a17d3a0263bf5c8723b9c52f43c5084edf13c2e8"

upath@^2.0.1:
  version "2.0.1"
  resolved "https://repo.huaweicloud.com/repository/npm/upath/-/upath-2.0.1.tgz#50c73dea68d6f6b990f51d279ce6081665d61a8b"

vconsole@^3.11.2:
  version "3.11.2"
  resolved "https://mirrors.huaweicloud.com/repository/npm/vconsole/-/vconsole-3.11.2.tgz#793acd9892bb35f110e7f5cf205422804fb81bd9"
  dependencies:
    cookie-storage "^6.1.0"
    copy-text-to-clipboard "^3.0.1"
    core-js "^3.11.0"
    mutation-observer "^1.0.3"

vite-plugin-qrcode@^0.0.2:
  version "0.0.2"
  resolved "https://repo.huaweicloud.com/repository/npm/vite-plugin-qrcode/-/vite-plugin-qrcode-0.0.2.tgz#3bc2e9ef51c21eb4d65598f43e8720bcc8b9efbf"
  dependencies:
    qrcode-terminal "^0.12.0"

vite@^2.6.4:
  version "2.7.12"
  resolved "https://repo.huaweicloud.com/repository/npm/vite/-/vite-2.7.12.tgz#7784ab19e7ff98f6a192d2d7d877480a8c2b7e7d"
  dependencies:
    esbuild "^0.13.12"
    postcss "^8.4.5"
    resolve "^1.20.0"
    rollup "^2.59.0"
  optionalDependencies:
    fsevents "~2.3.2"

void-elements@^3.1.0:
  version "3.1.0"
  resolved "https://repo.huaweicloud.com/repository/npm/void-elements/-/void-elements-3.1.0.tgz#614f7fbf8d801f0bb5f0661f5b2f5785750e4f09"

vscode-css-languageservice@^5.1.4:
  version "5.1.9"
  resolved "https://repo.huaweicloud.com/repository/npm/vscode-css-languageservice/-/vscode-css-languageservice-5.1.9.tgz#9d473e5c61fa6d4d62719d9b8715ff6c644bf14e"
  dependencies:
    vscode-languageserver-textdocument "^1.0.1"
    vscode-languageserver-types "^3.16.0"
    vscode-nls "^5.0.0"
    vscode-uri "^3.0.2"

vscode-html-languageservice@^4.0.7:
  version "4.2.1"
  resolved "https://repo.huaweicloud.com/repository/npm/vscode-html-languageservice/-/vscode-html-languageservice-4.2.1.tgz#b95077cffd19bf187e53c7bf79e3e0dd7edbc7cf"
  dependencies:
    vscode-languageserver-textdocument "^1.0.1"
    vscode-languageserver-types "^3.16.0"
    vscode-nls "^5.0.0"
    vscode-uri "^3.0.2"

vscode-json-languageservice@^4.1.7:
  version "4.1.10"
  resolved "https://repo.huaweicloud.com/repository/npm/vscode-json-languageservice/-/vscode-json-languageservice-4.1.10.tgz#5d5729fc4f3e02f41599e0104523a1877c25f0fb"
  dependencies:
    jsonc-parser "^3.0.0"
    vscode-languageserver-textdocument "^1.0.1"
    vscode-languageserver-types "^3.16.0"
    vscode-nls "^5.0.0"
    vscode-uri "^3.0.2"

vscode-jsonrpc@8.0.0-next.4, vscode-jsonrpc@^8.0.0-next.2:
  version "8.0.0-next.4"
  resolved "https://repo.huaweicloud.com/repository/npm/vscode-jsonrpc/-/vscode-jsonrpc-8.0.0-next.4.tgz#c0da5e3536c0862e8189b1678a3a7c4900e6ecbd"

vscode-languageserver-protocol@3.17.0-next.11:
  version "3.17.0-next.11"
  resolved "https://repo.huaweicloud.com/repository/npm/vscode-languageserver-protocol/-/vscode-languageserver-protocol-3.17.0-next.11.tgz#0f2b2bc0d28026422340e4571373e018598e2e16"
  dependencies:
    vscode-jsonrpc "8.0.0-next.4"
    vscode-languageserver-types "3.17.0-next.5"

vscode-languageserver-textdocument@^1.0.1:
  version "1.0.3"
  resolved "https://repo.huaweicloud.com/repository/npm/vscode-languageserver-textdocument/-/vscode-languageserver-textdocument-1.0.3.tgz#879f2649bfa5a6e07bc8b392c23ede2dfbf43eff"

vscode-languageserver-types@3.17.0-next.5:
  version "3.17.0-next.5"
  resolved "https://repo.huaweicloud.com/repository/npm/vscode-languageserver-types/-/vscode-languageserver-types-3.17.0-next.5.tgz#0d176d39d215d55bffc9195112fb2b6d81ff5fbb"

vscode-languageserver-types@^3.15.1, vscode-languageserver-types@^3.16.0:
  version "3.16.0"
  resolved "https://repo.huaweicloud.com/repository/npm/vscode-languageserver-types/-/vscode-languageserver-types-3.16.0.tgz#ecf393fc121ec6974b2da3efb3155644c514e247"

vscode-languageserver@^8.0.0-next.2:
  version "8.0.0-next.5"
  resolved "https://repo.huaweicloud.com/repository/npm/vscode-languageserver/-/vscode-languageserver-8.0.0-next.5.tgz#99f7f25dd658a1f000219f62c29ae557858f850c"
  dependencies:
    vscode-languageserver-protocol "3.17.0-next.11"

vscode-nls@^5.0.0:
  version "5.0.0"
  resolved "https://repo.huaweicloud.com/repository/npm/vscode-nls/-/vscode-nls-5.0.0.tgz#99f0da0bd9ea7cda44e565a74c54b1f2bc257840"

vscode-pug-languageservice@^0.27.24:
  version "0.27.24"
  resolved "https://repo.huaweicloud.com/repository/npm/vscode-pug-languageservice/-/vscode-pug-languageservice-0.27.24.tgz#fa805c4d3e33dee3681e660a0767136738e68370"
  dependencies:
    "@volar/code-gen" "^0.27.24"
    "@volar/shared" "^0.27.24"
    "@volar/source-map" "^0.27.24"
    "@volar/transforms" "^0.27.24"
    pug-lexer "^5.0.1"
    pug-parser "^6.0.0"
    vscode-languageserver "^8.0.0-next.2"

vscode-typescript-languageservice@^0.27.25:
  version "0.27.25"
  resolved "https://repo.huaweicloud.com/repository/npm/vscode-typescript-languageservice/-/vscode-typescript-languageservice-0.27.25.tgz#acd211723b600108c25515388b75d55ce15bb056"
  dependencies:
    "@volar/shared" "^0.27.24"
    semver "^7.3.5"
    upath "^2.0.1"
    vscode-languageserver "^8.0.0-next.2"
    vscode-languageserver-textdocument "^1.0.1"

vscode-uri@^2.1.2:
  version "2.1.2"
  resolved "https://repo.huaweicloud.com/repository/npm/vscode-uri/-/vscode-uri-2.1.2.tgz#c8d40de93eb57af31f3c715dd650e2ca2c096f1c"

vscode-uri@^3.0.2:
  version "3.0.3"
  resolved "https://repo.huaweicloud.com/repository/npm/vscode-uri/-/vscode-uri-3.0.3.tgz#a95c1ce2e6f41b7549f86279d19f47951e4f4d84"

vscode-vue-languageservice@^0.27.0:
  version "0.27.30"
  resolved "https://repo.huaweicloud.com/repository/npm/vscode-vue-languageservice/-/vscode-vue-languageservice-0.27.30.tgz#1f32b0203dd233582f74a457428519a6318f039e"
  dependencies:
    "@volar/code-gen" "^0.27.24"
    "@volar/html2pug" "^0.27.13"
    "@volar/shared" "^0.27.24"
    "@volar/source-map" "^0.27.24"
    "@volar/transforms" "^0.27.24"
    "@vscode/emmet-helper" "^2.7.0"
    "@vue/compiler-dom" "^3.2.19"
    "@vue/reactivity" "^3.2.19"
    "@vue/shared" "^3.2.19"
    request-light "^0.5.4"
    upath "^2.0.1"
    vscode-css-languageservice "^5.1.4"
    vscode-html-languageservice "^4.0.7"
    vscode-json-languageservice "^4.1.7"
    vscode-languageserver "^8.0.0-next.2"
    vscode-languageserver-textdocument "^1.0.1"
    vscode-pug-languageservice "^0.27.24"
    vscode-typescript-languageservice "^0.27.25"

vue-router@^4.0.12:
  version "4.0.12"
  resolved "https://repo.huaweicloud.com/repository/npm/vue-router/-/vue-router-4.0.12.tgz#8dc792cddf5bb1abcc3908f9064136de7e13c460"
  dependencies:
    "@vue/devtools-api" "^6.0.0-beta.18"

vue-tsc@^0.3.0:
  version "0.3.0"
  resolved "https://repo.huaweicloud.com/repository/npm/vue-tsc/-/vue-tsc-0.3.0.tgz#3b3872bf4f1d2e4409b57adbd826032e253db406"
  dependencies:
    vscode-vue-languageservice "^0.27.0"

vue@^3.2.16:
  version "3.2.26"
  resolved "https://repo.huaweicloud.com/repository/npm/vue/-/vue-3.2.26.tgz#5db575583ecae495c7caa5c12fd590dffcbb763e"
  dependencies:
    "@vue/compiler-dom" "3.2.26"
    "@vue/compiler-sfc" "3.2.26"
    "@vue/runtime-dom" "3.2.26"
    "@vue/server-renderer" "3.2.26"
    "@vue/shared" "3.2.26"

with@^7.0.0:
  version "7.0.2"
  resolved "https://repo.huaweicloud.com/repository/npm/with/-/with-7.0.2.tgz#ccee3ad542d25538a7a7a80aad212b9828495bac"
  dependencies:
    "@babel/parser" "^7.9.6"
    "@babel/types" "^7.9.6"
    assert-never "^1.2.1"
    babel-walk "3.0.0-canary-5"

yallist@^4.0.0:
  version "4.0.0"
  resolved "https://repo.huaweicloud.com/repository/npm/yallist/-/yallist-4.0.0.tgz#9bb92790d9c0effec63be73519e11a35019a3a72"
